
Microsoft Visual Studio Solution File, Format Version 12.00
# Visual Studio Version 17
VisualStudioVersion = 17.1.32210.238
MinimumVisualStudioVersion = 10.0.40219.1
Project("{9A19103F-16F7-4668-BE54-9A1E7A4F7556}") = "RabbitMQ.Sample.Producer.Consumer", "RabbitMQ.Sample\RabbitMQ.Sample.Producer.Consumer.csproj", "{B2A29B99-F92C-4157-B99A-CAF85C80EEF2}"
EndProject
Project("{FAE04EC0-301F-11D3-BF4B-00C04F79EFBC}") = "RabbitMQ.Sample.Producer.Consumer.Header", "RabbitMQ.Sample.Producer.Consumer.Header\RabbitMQ.Sample.Producer.Consumer.Header.csproj", "{73EA7221-4944-484F-BDA0-E0794EB3397A}"
EndProject
Global
	GlobalSection(SolutionConfigurationPlatforms) = preSolution
		Debug|Any CPU = Debug|Any CPU
		Release|Any CPU = Release|Any CPU
	EndGlobalSection
	GlobalSection(ProjectConfigurationPlatforms) = postSolution
		{B2A29B99-F92C-4157-B99A-CAF85C80EEF2}.Debug|Any CPU.ActiveCfg = Debug|Any CPU
		{B2A29B99-F92C-4157-B99A-CAF85C80EEF2}.Debug|Any CPU.Build.0 = Debug|Any CPU
		{B2A29B99-F92C-4157-B99A-CAF85C80EEF2}.Release|Any CPU.ActiveCfg = Release|Any CPU
		{B2A29B99-F92C-4157-B99A-CAF85C80EEF2}.Release|Any CPU.Build.0 = Release|Any CPU
		{73EA7221-4944-484F-BDA0-E0794EB3397A}.Debug|Any CPU.ActiveCfg = Debug|Any CPU
		{73EA7221-4944-484F-BDA0-E0794EB3397A}.Debug|Any CPU.Build.0 = Debug|Any CPU
		{73EA7221-4944-484F-BDA0-E0794EB3397A}.Release|Any CPU.ActiveCfg = Release|Any CPU
		{73EA7221-4944-484F-BDA0-E0794EB3397A}.Release|Any CPU.Build.0 = Release|Any CPU
	EndGlobalSection
	GlobalSection(SolutionProperties) = preSolution
		HideSolutionNode = FALSE
	EndGlobalSection
	GlobalSection(ExtensibilityGlobals) = postSolution
		SolutionGuid = {2A142A3A-8374-42E9-A171-31DCE2071956}
	EndGlobalSection
EndGlobal
